
Microsoft Visual Studio Solution File, Format Version 12.00
# Visual Studio Version 16
VisualStudioVersion = 16.0.32228.343
MinimumVisualStudioVersion = 10.0.40219.1
Project("{9A19103F-16F7-4668-BE54-9A1E7A4F7556}") = "WeShallNotPass", "WeShallNotPass\WeShallNotPass.csproj", "{2C58334A-1B93-4F3A-9BCF-4303181C6D39}"
EndProject
Project("{FAE04EC0-301F-11D3-BF4B-00C04F79EFBC}") = "WeShallNotPass.Model", "WeShallNotPass.Model\WeShallNotPass.Model.csproj", "{6C210CDD-BB4C-4D85-AA6A-51F3FDB481A1}"
EndProject
Project("{FAE04EC0-301F-11D3-BF4B-00C04F79EFBC}") = "WeShallNotPass.Test", "WeShallNotPass.Test\WeShallNotPass.Test.csproj", "{55396085-78B9-4CBB-8F25-F5B5518B6694}"
EndProject
Global
	GlobalSection(SolutionConfigurationPlatforms) = preSolution
		Debug|Any CPU = Debug|Any CPU
		Release|Any CPU = Release|Any CPU
	EndGlobalSection
	GlobalSection(ProjectConfigurationPlatforms) = postSolution
		{2C58334A-1B93-4F3A-9BCF-4303181C6D39}.Debug|Any CPU.ActiveCfg = Debug|Any CPU
		{2C58334A-1B93-4F3A-9BCF-4303181C6D39}.Debug|Any CPU.Build.0 = Debug|Any CPU
		{2C58334A-1B93-4F3A-9BCF-4303181C6D39}.Release|Any CPU.ActiveCfg = Release|Any CPU
		{2C58334A-1B93-4F3A-9BCF-4303181C6D39}.Release|Any CPU.Build.0 = Release|Any CPU
		{6C210CDD-BB4C-4D85-AA6A-51F3FDB481A1}.Debug|Any CPU.ActiveCfg = Debug|Any CPU
		{6C210CDD-BB4C-4D85-AA6A-51F3FDB481A1}.Debug|Any CPU.Build.0 = Debug|Any CPU
		{6C210CDD-BB4C-4D85-AA6A-51F3FDB481A1}.Release|Any CPU.ActiveCfg = Release|Any CPU
		{6C210CDD-BB4C-4D85-AA6A-51F3FDB481A1}.Release|Any CPU.Build.0 = Release|Any CPU
		{55396085-78B9-4CBB-8F25-F5B5518B6694}.Debug|Any CPU.ActiveCfg = Debug|Any CPU
		{55396085-78B9-4CBB-8F25-F5B5518B6694}.Debug|Any CPU.Build.0 = Debug|Any CPU
		{55396085-78B9-4CBB-8F25-F5B5518B6694}.Release|Any CPU.ActiveCfg = Release|Any CPU
		{55396085-78B9-4CBB-8F25-F5B5518B6694}.Release|Any CPU.Build.0 = Release|Any CPU
	EndGlobalSection
	GlobalSection(SolutionProperties) = preSolution
		HideSolutionNode = FALSE
	EndGlobalSection
	GlobalSection(ExtensibilityGlobals) = postSolution
		SolutionGuid = {54E088F7-E3C6-4DB1-8313-669C6A55A333}
	EndGlobalSection
EndGlobal
